
Microsoft Visual Studio Solution File, Format Version 12.00
# Visual Studio 15
VisualStudioVersion = 15.0.27130.2024
MinimumVisualStudioVersion = 10.0.40219.1
Project("{FAE04EC0-301F-11D3-BF4B-00C04F79EFBC}") = "FulkiWebForms", "FulkiWebForms\FulkiWebForms.csproj", "{988B599C-2E50-42C7-B553-24D2483705BC}"
EndProject
Project("{FAE04EC0-301F-11D3-BF4B-00C04F79EFBC}") = "DAL", "DAL\DAL.csproj", "{43AA20B3-851A-42BC-B561-1152CA1CF059}"
EndProject
Global
	GlobalSection(SolutionConfigurationPlatforms) = preSolution
		Debug|Any CPU = Debug|Any CPU
		Release|Any CPU = Release|Any CPU
	EndGlobalSection
	GlobalSection(ProjectConfigurationPlatforms) = postSolution
		{988B599C-2E50-42C7-B553-24D2483705BC}.Debug|Any CPU.ActiveCfg = Debug|Any CPU
		{988B599C-2E50-42C7-B553-24D2483705BC}.Debug|Any CPU.Build.0 = Debug|Any CPU
		{988B599C-2E50-42C7-B553-24D2483705BC}.Release|Any CPU.ActiveCfg = Release|Any CPU
		{988B599C-2E50-42C7-B553-24D2483705BC}.Release|Any CPU.Build.0 = Release|Any CPU
		{43AA20B3-851A-42BC-B561-1152CA1CF059}.Debug|Any CPU.ActiveCfg = Debug|Any CPU
		{43AA20B3-851A-42BC-B561-1152CA1CF059}.Debug|Any CPU.Build.0 = Debug|Any CPU
		{43AA20B3-851A-42BC-B561-1152CA1CF059}.Release|Any CPU.ActiveCfg = Release|Any CPU
		{43AA20B3-851A-42BC-B561-1152CA1CF059}.Release|Any CPU.Build.0 = Release|Any CPU
	EndGlobalSection
	GlobalSection(SolutionProperties) = preSolution
		HideSolutionNode = FALSE
	EndGlobalSection
	GlobalSection(ExtensibilityGlobals) = postSolution
		SolutionGuid = {5F244E5C-61F7-41CD-A92F-A2E85E990CCF}
	EndGlobalSection
EndGlobal
